dependencies:
- name: nats
  repository: https://nats-io.github.io/k8s/helm/charts/
  version: 1.2.6
- name: nats
  repository: https://nats-io.github.io/k8s/helm/charts/
  version: 1.2.6
- name: nats
  repository: https://nats-io.github.io/k8s/helm/charts/
  version: 1.2.6
digest: sha256:ad7948ef2413ea2f9af239829570612f04abd624844413ad73600fd67ce2e9b6
generated: "2024-12-08T20:11:41.144678-03:00"
