dependencies:
- name: nats
  repository: https://nats-io.github.io/k8s/helm/charts/
  version: 1.2.6
- name: nats
  repository: https://nats-io.github.io/k8s/helm/charts/
  version: 1.2.6
- name: nats
  repository: https://nats-io.github.io/k8s/helm/charts/
  version: 1.2.6
digest: sha256:0a15dbb728d337f770b849d7f13f40af7b10216d6bceec6c113e9982adec9448
generated: "2024-12-08T01:06:24.45926-03:00"
