dependencies:
- name: fuel-streams-publisher
  repository: file://../fuel-streams-publisher
  version: 0.3.7
- name: fuel-streams-ws
  repository: file://../fuel-streams-ws
  version: 0.3.7
- name: fuel-nats
  repository: file://../fuel-nats
  version: 0.1.0
digest: sha256:4362071bef367c36d9433fa948178f176614e65a69cd5e08f880937f2c4795df
generated: "2024-11-30T00:12:23.285838-03:00"
