dependencies:
- name: fuel-streams-publisher
  repository: file://../fuel-streams-publisher
  version: 0.3.8
- name: fuel-nats
  repository: file://../fuel-nats
  version: 0.1.1
digest: sha256:954b2e3b532b160949cf0627a36d894a7216a49f05d82ffec74eef6872468cd5
generated: "2024-12-02T16:16:29.801159-03:00"
